GEM
  remote: https://rubygems.org/
  specs:
    argon2id (0.8.0-x64-mingw-ucrt)
    benchmark (0.5.0)
    bigdecimal (3.3.1)
    diff-lcs (1.6.2)
    mysql2 (0.5.7)
      bigdecimal
    rspec (3.13.2)
      rspec-core (~> 3.13.0)
      rspec-expectations (~> 3.13.0)
      rspec-mocks (~> 3.13.0)
    rspec-core (3.13.6)
      rspec-support (~> 3.13.0)
    rspec-expectations (3.13.5)
      diff-lcs (>= 1.2.0, < 2.0)
      rspec-support (~> 3.13.0)
    rspec-mocks (3.13.7)
      diff-lcs (>= 1.2.0, < 2.0)
      rspec-support (~> 3.13.0)
    rspec-support (3.13.6)
    sequel (5.98.0)
      bigdecimal

PLATFORMS
  x64-mingw-ucrt

DEPENDENCIES
  argon2id
  benchmark
  mysql2
  rspec
  sequel

BUNDLED WITH
   2.6.9
